
Microsoft Visual Studio Solution File, Format Version 12.00
# Visual Studio 15
VisualStudioVersion = 15.0.28307.779
MinimumVisualStudioVersion = 10.0.40219.1
Project("{FAE04EC0-301F-11D3-BF4B-00C04F79EFBC}") = "Warehouse", "Warehouse\Warehouse.csproj", "{2FA32B40-A37A-4667-B322-6A34C135EECB}"
EndProject
Global
	GlobalSection(SolutionConfigurationPlatforms) = preSolution
		Debug|Any CPU = Debug|Any CPU
		Release|Any CPU = Release|Any CPU
	EndGlobalSection
	GlobalSection(ProjectConfigurationPlatforms) = postSolution
		{2FA32B40-A37A-4667-B322-6A34C135EECB}.Debug|Any CPU.ActiveCfg = Debug|Any CPU
		{2FA32B40-A37A-4667-B322-6A34C135EECB}.Debug|Any CPU.Build.0 = Debug|Any CPU
		{2FA32B40-A37A-4667-B322-6A34C135EECB}.Release|Any CPU.ActiveCfg = Release|Any CPU
		{2FA32B40-A37A-4667-B322-6A34C135EECB}.Release|Any CPU.Build.0 = Release|Any CPU
	EndGlobalSection
	GlobalSection(SolutionProperties) = preSolution
		HideSolutionNode = FALSE
	EndGlobalSection
	GlobalSection(ExtensibilityGlobals) = postSolution
		SolutionGuid = {DFE6C5D1-D334-44D2-9A76-63663C2B828E}
	EndGlobalSection
EndGlobal
